
Microsoft Visual Studio Solution File, Format Version 12.00
# Visual Studio Version 16
VisualStudioVersion = 16.0.31624.102
MinimumVisualStudioVersion = 10.0.40219.1
Project("{9A19103F-16F7-4668-BE54-9A1E7A4F7556}") = "BusinessObject", "BusinessObject\BusinessObject.csproj", "{17386D0B-8434-4F70-B52C-E33395238A05}"
EndProject
Global
	GlobalSection(SolutionConfigurationPlatforms) = preSolution
		Debug|Any CPU = Debug|Any CPU
		Release|Any CPU = Release|Any CPU
	EndGlobalSection
	GlobalSection(ProjectConfigurationPlatforms) = postSolution
		{17386D0B-8434-4F70-B52C-E33395238A05}.Debug|Any CPU.ActiveCfg = Debug|Any CPU
		{17386D0B-8434-4F70-B52C-E33395238A05}.Debug|Any CPU.Build.0 = Debug|Any CPU
		{17386D0B-8434-4F70-B52C-E33395238A05}.Release|Any CPU.ActiveCfg = Release|Any CPU
		{17386D0B-8434-4F70-B52C-E33395238A05}.Release|Any CPU.Build.0 = Release|Any CPU
	EndGlobalSection
	GlobalSection(SolutionProperties) = preSolution
		HideSolutionNode = FALSE
	EndGlobalSection
	GlobalSection(ExtensibilityGlobals) = postSolution
		SolutionGuid = {4AF083E6-C47F-4800-BC04-FD3F59A5705A}
	EndGlobalSection
EndGlobal
